
Microsoft Visual Studio Solution File, Format Version 12.00
# Visual Studio Version 17
VisualStudioVersion = 17.11.35431.28
MinimumVisualStudioVersion = 10.0.40219.1
Project("{FAE04EC0-301F-11D3-BF4B-00C04F79EFBC}") = "ASM", "ASM\ASM.csproj", "{41176F27-11A7-49CB-9532-289F7080A7EA}"
EndProject
Global
	GlobalSection(SolutionConfigurationPlatforms) = preSolution
		Debug|Any CPU = Debug|Any CPU
		Release|Any CPU = Release|Any CPU
	EndGlobalSection
	GlobalSection(ProjectConfigurationPlatforms) = postSolution
		{41176F27-11A7-49CB-9532-289F7080A7EA}.Debug|Any CPU.ActiveCfg = Debug|Any CPU
		{41176F27-11A7-49CB-9532-289F7080A7EA}.Debug|Any CPU.Build.0 = Debug|Any CPU
		{41176F27-11A7-49CB-9532-289F7080A7EA}.Release|Any CPU.ActiveCfg = Release|Any CPU
		{41176F27-11A7-49CB-9532-289F7080A7EA}.Release|Any CPU.Build.0 = Release|Any CPU
	EndGlobalSection
	GlobalSection(SolutionProperties) = preSolution
		HideSolutionNode = FALSE
	EndGlobalSection
	GlobalSection(ExtensibilityGlobals) = postSolution
		SolutionGuid = {3D5A40CB-25EE-4F83-AAE0-9EE2F699E68B}
	EndGlobalSection
EndGlobal
